{
  "nodes": {
    "flake-parts": {
      "inputs": {
        "nixpkgs-lib": "nixpkgs-lib"
      },
      "locked": {
        "lastModified": 1690933134,
        "narHash": "sha256-ab989mN63fQZBFrkk4Q8bYxQCktuHmBIBqUG1jl6/FQ=",
        "owner": "hercules-ci",
        "repo": "flake-parts",
        "rev": "59cf3f1447cfc75087e7273b04b31e689a8599fb",
        "type": "github"
      },
      "original": {
        "id": "flake-parts",
        "type": "indirect"
      }
    },
    "gitignore": {
      "inputs": {
        "nixpkgs": [
          "nixpkgs"
        ]
      },
      "locked": {
        "lastModified": 1660459072,
        "narHash": "sha256-8DFJjXG8zqoONA1vXtgeKXy68KdJL5UaXR8NtVMUbx8=",
        "owner": "hercules-ci",
        "repo": "gitignore.nix",
        "rev": "a20de23b925fd8264fd7fad6454652e142fd7f73",
        "type": "github"
      },
      "original": {
        "owner": "hercules-ci",
        "repo": "gitignore.nix",
        "type": "github"
      }
    },
    "nixpkgs": {
      "locked": {
        "lastModified": 1691368598,
        "narHash": "sha256-ia7li22keBBbj02tEdqjVeLtc7ZlSBuhUk+7XTUFr14=",
        "owner": "NixOS",
        "repo": "nixpkgs",
        "rev": "5a8e9243812ba528000995b294292d3b5e120947",
        "type": "github"
      },
      "original": {
        "owner": "NixOS",
        "ref": "nixos-unstable",
        "repo": "nixpkgs",
        "type": "github"
      }
    },
    "nixpkgs-lib": {
      "locked": {
        "dir": "lib",
        "lastModified": 1690881714,
        "narHash": "sha256-h/nXluEqdiQHs1oSgkOOWF+j8gcJMWhwnZ9PFabN6q0=",
        "owner": "NixOS",
        "repo": "nixpkgs",
        "rev": "9e1960bc196baf6881340d53dccb203a951745a2",
        "type": "github"
      },
      "original": {
        "dir": "lib",
        "owner": "NixOS",
        "ref": "nixos-unstable",
        "repo": "nixpkgs",
        "type": "github"
      }
    },
    "root": {
      "inputs": {
        "flake-parts": "flake-parts",
        "gitignore": "gitignore",
        "nixpkgs": "nixpkgs"
      }
    }
  },
  "root": "root",
  "version": 7
}
